
Microsoft Visual Studio Solution File, Format Version 12.00
# Visual Studio 2017
Project("{FAE04EC0-301F-11D3-BF4B-00C04F79EFBC}") = "Lost In Mazie Mansion", "Lost In Mazie Mansion.csproj", "{F639503F-092C-128D-56E6-59777C497C1C}"
EndProject
Global
	GlobalSection(SolutionConfigurationPlatforms) = preSolution
		Debug|Any CPU = Debug|Any CPU
		Release|Any CPU = Release|Any CPU
	EndGlobalSection
	GlobalSection(ProjectConfigurationPlatforms) = postSolution
		{F639503F-092C-128D-56E6-59777C497C1C}.Debug|Any CPU.ActiveCfg = Debug|Any CPU
		{F639503F-092C-128D-56E6-59777C497C1C}.Debug|Any CPU.Build.0 = Debug|Any CPU
		{F639503F-092C-128D-56E6-59777C497C1C}.Release|Any CPU.ActiveCfg = Release|Any CPU
		{F639503F-092C-128D-56E6-59777C497C1C}.Release|Any CPU.Build.0 = Release|Any CPU
	EndGlobalSection
	GlobalSection(SolutionProperties) = preSolution
		HideSolutionNode = FALSE
	EndGlobalSection
EndGlobal
